
Microsoft Visual Studio Solution File, Format Version 12.00
# Visual Studio Version 16
VisualStudioVersion = 16.0.30114.105
MinimumVisualStudioVersion = 10.0.40219.1
Project("{FAE04EC0-301F-11D3-BF4B-00C04F79EFBC}") = "FactoryMethod", "Creational Design Patterns\FactoryMethod\FactoryMethod.csproj", "{FD6D4FBA-00E2-4BFE-967F-FE1647CA1890}"
EndProject
Project("{FAE04EC0-301F-11D3-BF4B-00C04F79EFBC}") = "AbstractFactory", "Creational Design Patterns\AbstractFactory\AbstractFactory.csproj", "{7CF0EA20-525B-41F1-9C84-F6A06ABBF41F}"
EndProject
Project("{FAE04EC0-301F-11D3-BF4B-00C04F79EFBC}") = "Builder", "Creational Design Patterns\Builder\Builder.csproj", "{68E30C70-72A8-4D6E-8EAD-7A5DBCC74C79}"
EndProject
Project("{2150E333-8FDC-42A3-9474-1A3956D46DE8}") = "Creational Design Patterns", "Creational Design Patterns", "{66FF7103-4086-4EAF-A059-D25230080F04}"
EndProject
Project("{2150E333-8FDC-42A3-9474-1A3956D46DE8}") = "Structural Design Patterns", "Structural Design Patterns", "{AC4BFAED-5D0B-4F5E-AD53-07A8EC2AA2BD}"
EndProject
Project("{FAE04EC0-301F-11D3-BF4B-00C04F79EFBC}") = "Adapter", "Structural Design Patterns\Adapter\Adapter.csproj", "{349D2125-A47B-4E91-8E08-54CB9EE5CEA4}"
EndProject
Project("{FAE04EC0-301F-11D3-BF4B-00C04F79EFBC}") = "Composite", "Structural Design Patterns\Composite\Composite.csproj", "{0BF9DCCE-E0D1-462B-8395-5CFC5BF2AF78}"
EndProject
Project("{FAE04EC0-301F-11D3-BF4B-00C04F79EFBC}") = "Decorator", "Structural Design Patterns\Decorator\Decorator.csproj", "{1C3711E1-405B-4D57-A136-8F0104DF7054}"
EndProject
Project("{FAE04EC0-301F-11D3-BF4B-00C04F79EFBC}") = "Flyweight", "Structural Design Patterns\Flyweight\Flyweight.csproj", "{2475C433-86C6-475A-83AC-24C00D074F11}"
EndProject
Project("{FAE04EC0-301F-11D3-BF4B-00C04F79EFBC}") = "Proxy", "Structural Design Patterns\Proxy\Proxy.csproj", "{D5892CA8-0762-4A24-A9AF-BC90D3896949}"
EndProject
Project("{2150E333-8FDC-42A3-9474-1A3956D46DE8}") = "Behavioral Design Patterns", "Behavioral Design Patterns", "{58AE2CA7-CAEB-44F3-9A18-7B637CA64419}"
EndProject
Project("{FAE04EC0-301F-11D3-BF4B-00C04F79EFBC}") = "Chain of Responsibility", "Behavioral Design Patterns\Chain of Responsibility\Chain of Responsibility.csproj", "{BDC63265-17FC-44AA-9C74-8A1B576DEC73}"
EndProject
Global
	GlobalSection(SolutionConfigurationPlatforms) = preSolution
		Debug|Any CPU = Debug|Any CPU
		Release|Any CPU = Release|Any CPU
	EndGlobalSection
	GlobalSection(SolutionProperties) = preSolution
		HideSolutionNode = FALSE
	EndGlobalSection
	GlobalSection(ProjectConfigurationPlatforms) = postSolution
		{FD6D4FBA-00E2-4BFE-967F-FE1647CA1890}.Debug|Any CPU.ActiveCfg = Debug|Any CPU
		{FD6D4FBA-00E2-4BFE-967F-FE1647CA1890}.Debug|Any CPU.Build.0 = Debug|Any CPU
		{FD6D4FBA-00E2-4BFE-967F-FE1647CA1890}.Release|Any CPU.ActiveCfg = Release|Any CPU
		{FD6D4FBA-00E2-4BFE-967F-FE1647CA1890}.Release|Any CPU.Build.0 = Release|Any CPU
		{7CF0EA20-525B-41F1-9C84-F6A06ABBF41F}.Debug|Any CPU.ActiveCfg = Debug|Any CPU
		{7CF0EA20-525B-41F1-9C84-F6A06ABBF41F}.Debug|Any CPU.Build.0 = Debug|Any CPU
		{7CF0EA20-525B-41F1-9C84-F6A06ABBF41F}.Release|Any CPU.ActiveCfg = Release|Any CPU
		{7CF0EA20-525B-41F1-9C84-F6A06ABBF41F}.Release|Any CPU.Build.0 = Release|Any CPU
		{68E30C70-72A8-4D6E-8EAD-7A5DBCC74C79}.Debug|Any CPU.ActiveCfg = Debug|Any CPU
		{68E30C70-72A8-4D6E-8EAD-7A5DBCC74C79}.Debug|Any CPU.Build.0 = Debug|Any CPU
		{68E30C70-72A8-4D6E-8EAD-7A5DBCC74C79}.Release|Any CPU.ActiveCfg = Release|Any CPU
		{68E30C70-72A8-4D6E-8EAD-7A5DBCC74C79}.Release|Any CPU.Build.0 = Release|Any CPU
		{349D2125-A47B-4E91-8E08-54CB9EE5CEA4}.Debug|Any CPU.ActiveCfg = Debug|Any CPU
		{349D2125-A47B-4E91-8E08-54CB9EE5CEA4}.Debug|Any CPU.Build.0 = Debug|Any CPU
		{349D2125-A47B-4E91-8E08-54CB9EE5CEA4}.Release|Any CPU.ActiveCfg = Release|Any CPU
		{349D2125-A47B-4E91-8E08-54CB9EE5CEA4}.Release|Any CPU.Build.0 = Release|Any CPU
		{0BF9DCCE-E0D1-462B-8395-5CFC5BF2AF78}.Debug|Any CPU.ActiveCfg = Debug|Any CPU
		{0BF9DCCE-E0D1-462B-8395-5CFC5BF2AF78}.Debug|Any CPU.Build.0 = Debug|Any CPU
		{0BF9DCCE-E0D1-462B-8395-5CFC5BF2AF78}.Release|Any CPU.ActiveCfg = Release|Any CPU
		{0BF9DCCE-E0D1-462B-8395-5CFC5BF2AF78}.Release|Any CPU.Build.0 = Release|Any CPU
		{1C3711E1-405B-4D57-A136-8F0104DF7054}.Debug|Any CPU.ActiveCfg = Debug|Any CPU
		{1C3711E1-405B-4D57-A136-8F0104DF7054}.Debug|Any CPU.Build.0 = Debug|Any CPU
		{1C3711E1-405B-4D57-A136-8F0104DF7054}.Release|Any CPU.ActiveCfg = Release|Any CPU
		{1C3711E1-405B-4D57-A136-8F0104DF7054}.Release|Any CPU.Build.0 = Release|Any CPU
		{2475C433-86C6-475A-83AC-24C00D074F11}.Debug|Any CPU.ActiveCfg = Debug|Any CPU
		{2475C433-86C6-475A-83AC-24C00D074F11}.Debug|Any CPU.Build.0 = Debug|Any CPU
		{2475C433-86C6-475A-83AC-24C00D074F11}.Release|Any CPU.ActiveCfg = Release|Any CPU
		{2475C433-86C6-475A-83AC-24C00D074F11}.Release|Any CPU.Build.0 = Release|Any CPU
		{D5892CA8-0762-4A24-A9AF-BC90D3896949}.Debug|Any CPU.ActiveCfg = Debug|Any CPU
		{D5892CA8-0762-4A24-A9AF-BC90D3896949}.Debug|Any CPU.Build.0 = Debug|Any CPU
		{D5892CA8-0762-4A24-A9AF-BC90D3896949}.Release|Any CPU.ActiveCfg = Release|Any CPU
		{D5892CA8-0762-4A24-A9AF-BC90D3896949}.Release|Any CPU.Build.0 = Release|Any CPU
		{BDC63265-17FC-44AA-9C74-8A1B576DEC73}.Debug|Any CPU.ActiveCfg = Debug|Any CPU
		{BDC63265-17FC-44AA-9C74-8A1B576DEC73}.Debug|Any CPU.Build.0 = Debug|Any CPU
		{BDC63265-17FC-44AA-9C74-8A1B576DEC73}.Release|Any CPU.ActiveCfg = Release|Any CPU
		{BDC63265-17FC-44AA-9C74-8A1B576DEC73}.Release|Any CPU.Build.0 = Release|Any CPU
	EndGlobalSection
	GlobalSection(NestedProjects) = preSolution
		{7CF0EA20-525B-41F1-9C84-F6A06ABBF41F} = {66FF7103-4086-4EAF-A059-D25230080F04}
		{68E30C70-72A8-4D6E-8EAD-7A5DBCC74C79} = {66FF7103-4086-4EAF-A059-D25230080F04}
		{FD6D4FBA-00E2-4BFE-967F-FE1647CA1890} = {66FF7103-4086-4EAF-A059-D25230080F04}
		{349D2125-A47B-4E91-8E08-54CB9EE5CEA4} = {AC4BFAED-5D0B-4F5E-AD53-07A8EC2AA2BD}
		{0BF9DCCE-E0D1-462B-8395-5CFC5BF2AF78} = {AC4BFAED-5D0B-4F5E-AD53-07A8EC2AA2BD}
		{1C3711E1-405B-4D57-A136-8F0104DF7054} = {AC4BFAED-5D0B-4F5E-AD53-07A8EC2AA2BD}
		{2475C433-86C6-475A-83AC-24C00D074F11} = {AC4BFAED-5D0B-4F5E-AD53-07A8EC2AA2BD}
		{D5892CA8-0762-4A24-A9AF-BC90D3896949} = {AC4BFAED-5D0B-4F5E-AD53-07A8EC2AA2BD}
		{BDC63265-17FC-44AA-9C74-8A1B576DEC73} = {58AE2CA7-CAEB-44F3-9A18-7B637CA64419}
	EndGlobalSection
EndGlobal
